
Microsoft Visual Studio Solution File, Format Version 12.00
# Visual Studio Version 16
VisualStudioVersion = 16.0.33027.164
MinimumVisualStudioVersion = 10.0.40219.1
Project("{FAE04EC0-301F-11D3-BF4B-00C04F79EFBC}") = "dead_block", "dead_block\dead_block.csproj", "{C92D34C7-5584-4826-B0A0-8E20B5FE743F}"
EndProject
Global
	GlobalSection(SolutionConfigurationPlatforms) = preSolution
		Debug|Any CPU = Debug|Any CPU
		Release|Any CPU = Release|Any CPU
	EndGlobalSection
	GlobalSection(ProjectConfigurationPlatforms) = postSolution
		{C92D34C7-5584-4826-B0A0-8E20B5FE743F}.Debug|Any CPU.ActiveCfg = Debug|Any CPU
		{C92D34C7-5584-4826-B0A0-8E20B5FE743F}.Debug|Any CPU.Build.0 = Debug|Any CPU
		{C92D34C7-5584-4826-B0A0-8E20B5FE743F}.Release|Any CPU.ActiveCfg = Release|Any CPU
		{C92D34C7-5584-4826-B0A0-8E20B5FE743F}.Release|Any CPU.Build.0 = Release|Any CPU
	EndGlobalSection
	GlobalSection(SolutionProperties) = preSolution
		HideSolutionNode = FALSE
	EndGlobalSection
	GlobalSection(ExtensibilityGlobals) = postSolution
		SolutionGuid = {B58445F3-2146-4A01-A30C-6F1981530D6B}
	EndGlobalSection
EndGlobal
